
Microsoft Visual Studio Solution File, Format Version 12.00
# Visual Studio Version 17
VisualStudioVersion = 17.13.35825.156 d17.13
MinimumVisualStudioVersion = 10.0.40219.1
Project("{FAE04EC0-301F-11D3-BF4B-00C04F79EFBC}") = "bmicalculator", "bmicalculator.csproj", "{D51078D5-4863-469A-8CE6-CB96763F0114}"
EndProject
Global
	GlobalSection(SolutionConfigurationPlatforms) = preSolution
		Debug|Any CPU = Debug|Any CPU
		Release|Any CPU = Release|Any CPU
	EndGlobalSection
	GlobalSection(ProjectConfigurationPlatforms) = postSolution
		{D51078D5-4863-469A-8CE6-CB96763F0114}.Debug|Any CPU.ActiveCfg = Debug|Any CPU
		{D51078D5-4863-469A-8CE6-CB96763F0114}.Debug|Any CPU.Build.0 = Debug|Any CPU
		{D51078D5-4863-469A-8CE6-CB96763F0114}.Release|Any CPU.ActiveCfg = Release|Any CPU
		{D51078D5-4863-469A-8CE6-CB96763F0114}.Release|Any CPU.Build.0 = Release|Any CPU
	EndGlobalSection
	GlobalSection(SolutionProperties) = preSolution
		HideSolutionNode = FALSE
	EndGlobalSection
	GlobalSection(ExtensibilityGlobals) = postSolution
		SolutionGuid = {671A4EAB-E7A0-4E0F-857A-109E0EA95517}
	EndGlobalSection
EndGlobal
